
Microsoft Visual Studio Solution File, Format Version 12.00
# Visual Studio Version 17
VisualStudioVersion = 17.9.34622.214
MinimumVisualStudioVersion = 10.0.40219.1
Project("{FAE04EC0-301F-11D3-BF4B-00C04F79EFBC}") = "es1", "es1.csproj", "{DA6A8B84-2EB5-44E5-A42E-1FC377B43568}"
EndProject
Project("{FAE04EC0-301F-11D3-BF4B-00C04F79EFBC}") = "Es1Class", "..\Es1Class\Es1Class.csproj", "{9CA9ED6B-9C2D-49DE-A1E1-F8219DB93AD4}"
EndProject
Global
	GlobalSection(SolutionConfigurationPlatforms) = preSolution
		Debug|Any CPU = Debug|Any CPU
		Release|Any CPU = Release|Any CPU
	EndGlobalSection
	GlobalSection(ProjectConfigurationPlatforms) = postSolution
		{DA6A8B84-2EB5-44E5-A42E-1FC377B43568}.Debug|Any CPU.ActiveCfg = Debug|Any CPU
		{DA6A8B84-2EB5-44E5-A42E-1FC377B43568}.Debug|Any CPU.Build.0 = Debug|Any CPU
		{DA6A8B84-2EB5-44E5-A42E-1FC377B43568}.Release|Any CPU.ActiveCfg = Release|Any CPU
		{DA6A8B84-2EB5-44E5-A42E-1FC377B43568}.Release|Any CPU.Build.0 = Release|Any CPU
		{9CA9ED6B-9C2D-49DE-A1E1-F8219DB93AD4}.Debug|Any CPU.ActiveCfg = Debug|Any CPU
		{9CA9ED6B-9C2D-49DE-A1E1-F8219DB93AD4}.Debug|Any CPU.Build.0 = Debug|Any CPU
		{9CA9ED6B-9C2D-49DE-A1E1-F8219DB93AD4}.Release|Any CPU.ActiveCfg = Release|Any CPU
		{9CA9ED6B-9C2D-49DE-A1E1-F8219DB93AD4}.Release|Any CPU.Build.0 = Release|Any CPU
	EndGlobalSection
	GlobalSection(SolutionProperties) = preSolution
		HideSolutionNode = FALSE
	EndGlobalSection
	GlobalSection(ExtensibilityGlobals) = postSolution
		SolutionGuid = {F523A5FE-FECC-496C-9BD4-F0FD434A4602}
	EndGlobalSection
EndGlobal
